// !$*UTF8*$!
{
	"archiveVersion" = 1;
	"classes" = {
	};
	"objectVersion" = 56;
	"objects" = {
		"00000000000000000000000A" = {
			"isa" = "PBXFileReference";
			"lastKnownFileType" = "sourcecode.swift";
			"path" = "App.swift";
			"sourceTree" = "<group>";
		};
		"00000000000000000000000B" = {
			"isa" = "PBXFileReference";
			"lastKnownFileType" = "sourcecode.swift";
			"path" = "TestController.swift";
			"sourceTree" = "<group>";
		};
		"00000000000000000000000C" = {
			"isa" = "PBXFileReference";
			"lastKnownFileType" = "sourcecode.swift";
			"path" = "TestCanvas.swift";
			"sourceTree" = "<group>";
		};
		"00000000000000000000000D" = {
			"isa" = "PBXFileReference";
			"lastKnownFileType" = "text.plist.xml";
			"path" = "Info.plist";
			"sourceTree" = "<group>";
		};
		"00000000000000000000000E" = {
			"isa" = "PBXFileReference";
			"lastKnownFileType" = "folder.assetcatalog";
			"path" = "Assets.xcassets";
			"sourceTree" = "<group>";
		};
		"00000000000000000000000F" = {
			"isa" = "PBXFileReference";
			"explicitFileType" = "wrapper.application";
			"includeInIndex" = 0;
			"path" = "ScreenTester.app";
			"sourceTree" = "BUILT_PRODUCTS_DIR";
		};
		"000000000000000000000014" = {
			"isa" = "PBXBuildFile";
			"fileRef" = "00000000000000000000000A";
		};
		"000000000000000000000015" = {
			"isa" = "PBXBuildFile";
			"fileRef" = "00000000000000000000000B";
		};
		"000000000000000000000016" = {
			"isa" = "PBXBuildFile";
			"fileRef" = "00000000000000000000000C";
		};
		"000000000000000000000018" = {
			"isa" = "PBXBuildFile";
			"fileRef" = "00000000000000000000000E";
		};
		"00000000000000000000001E" = {
			"isa" = "PBXSourcesBuildPhase";
			"buildActionMask" = 2147483647;
			"files" = (
				"000000000000000000000014",
				"000000000000000000000015",
				"000000000000000000000016",
			);
			"runOnlyForDeploymentPostprocessing" = 0;
		};
		"00000000000000000000001F" = {
			"isa" = "PBXResourcesBuildPhase";
			"buildActionMask" = 2147483647;
			"files" = (
				"000000000000000000000018",
			);
			"runOnlyForDeploymentPostprocessing" = 0;
		};
		"000000000000000000000020" = {
			"isa" = "PBXFrameworksBuildPhase";
			"buildActionMask" = 2147483647;
			"files" = (
			);
			"runOnlyForDeploymentPostprocessing" = 0;
		};
		"000000000000000000000028" = {
			"isa" = "PBXGroup";
			"children" = (
				"00000000000000000000000A",
				"00000000000000000000000B",
				"00000000000000000000000C",
				"00000000000000000000000D",
				"00000000000000000000000E",
			);
			"path" = "ScreenTester";
			"sourceTree" = "<group>";
		};
		"000000000000000000000029" = {
			"isa" = "PBXGroup";
			"children" = (
				"00000000000000000000000F",
			);
			"name" = "Products";
			"sourceTree" = "<group>";
		};
		"00000000000000000000002A" = {
			"isa" = "PBXGroup";
			"children" = (
				"000000000000000000000028",
				"000000000000000000000029",
			);
			"sourceTree" = "<group>";
		};
		"000000000000000000000032" = {
			"isa" = "XCBuildConfiguration";
			"name" = "Debug";
			"buildSettings" = {
				"CLANG_ENABLE_MODULES" = "YES";
				"CLANG_ENABLE_OBJC_ARC" = "YES";
				"SDKROOT" = "iphoneos";
				"IPHONEOS_DEPLOYMENT_TARGET" = "17.0";
				"SWIFT_VERSION" = "5.0";
				"SWIFT_OPTIMIZATION_LEVEL" = "-Onone";
				"DEBUG_INFORMATION_FORMAT" = "dwarf";
				"ENABLE_TESTABILITY" = "YES";
				"SWIFT_ACTIVE_COMPILATION_CONDITIONS" = "DEBUG";
			};
		};
		"000000000000000000000033" = {
			"isa" = "XCBuildConfiguration";
			"name" = "Release";
			"buildSettings" = {
				"CLANG_ENABLE_MODULES" = "YES";
				"CLANG_ENABLE_OBJC_ARC" = "YES";
				"SDKROOT" = "iphoneos";
				"IPHONEOS_DEPLOYMENT_TARGET" = "17.0";
				"SWIFT_VERSION" = "5.0";
				"SWIFT_OPTIMIZATION_LEVEL" = "-O";
				"DEBUG_INFORMATION_FORMAT" = "dwarf-with-dsym";
				"SWIFT_COMPILATION_MODE" = "wholemodule";
			};
		};
		"000000000000000000000034" = {
			"isa" = "XCBuildConfiguration";
			"name" = "Debug";
			"buildSettings" = {
				"PRODUCT_NAME" = "$(TARGET_NAME)";
				"PRODUCT_BUNDLE_IDENTIFIER" = "com.local.screentester";
				"INFOPLIST_FILE" = "ScreenTester/Info.plist";
				"GENERATE_INFOPLIST_FILE" = "NO";
				"CODE_SIGN_STYLE" = "Automatic";
				"TARGETED_DEVICE_FAMILY" = "1";
				"SUPPORTED_PLATFORMS" = "iphoneos iphonesimulator";
				"SUPPORTS_MACCATALYST" = "NO";
				"SUPPORTS_MAC_DESIGNED_FOR_IPHONE_IPAD" = "NO";
				"ASSETCATALOG_COMPILER_APPICON_NAME" = "AppIcon";
				"LD_RUNPATH_SEARCH_PATHS" = (
					"$(inherited)",
					"@executable_path/Frameworks",
				);
				"CURRENT_PROJECT_VERSION" = "2";
				"MARKETING_VERSION" = "0.1.1";
			};
		};
		"000000000000000000000035" = {
			"isa" = "XCBuildConfiguration";
			"name" = "Release";
			"buildSettings" = {
				"PRODUCT_NAME" = "$(TARGET_NAME)";
				"PRODUCT_BUNDLE_IDENTIFIER" = "com.local.screentester";
				"INFOPLIST_FILE" = "ScreenTester/Info.plist";
				"GENERATE_INFOPLIST_FILE" = "NO";
				"CODE_SIGN_STYLE" = "Automatic";
				"TARGETED_DEVICE_FAMILY" = "1";
				"SUPPORTED_PLATFORMS" = "iphoneos iphonesimulator";
				"SUPPORTS_MACCATALYST" = "NO";
				"SUPPORTS_MAC_DESIGNED_FOR_IPHONE_IPAD" = "NO";
				"ASSETCATALOG_COMPILER_APPICON_NAME" = "AppIcon";
				"LD_RUNPATH_SEARCH_PATHS" = (
					"$(inherited)",
					"@executable_path/Frameworks",
				);
				"CURRENT_PROJECT_VERSION" = "2";
				"MARKETING_VERSION" = "0.1.1";
			};
		};
		"000000000000000000000036" = {
			"isa" = "XCConfigurationList";
			"buildConfigurations" = (
				"000000000000000000000032",
				"000000000000000000000033",
			);
			"defaultConfigurationIsVisible" = 0;
			"defaultConfigurationName" = "Release";
		};
		"000000000000000000000037" = {
			"isa" = "XCConfigurationList";
			"buildConfigurations" = (
				"000000000000000000000034",
				"000000000000000000000035",
			);
			"defaultConfigurationIsVisible" = 0;
			"defaultConfigurationName" = "Release";
		};
		"00000000000000000000003C" = {
			"isa" = "PBXNativeTarget";
			"buildConfigurationList" = "000000000000000000000037";
			"buildPhases" = (
				"00000000000000000000001E",
				"000000000000000000000020",
				"00000000000000000000001F",
			);
			"buildRules" = (
			);
			"dependencies" = (
			);
			"name" = "ScreenTester";
			"productName" = "ScreenTester";
			"productReference" = "00000000000000000000000F";
			"productType" = "com.apple.product-type.application";
		};
		"000000000000000000000001" = {
			"isa" = "PBXProject";
			"attributes" = {
				"BuildIndependentTargetsInParallel" = "YES";
				"LastUpgradeCheck" = "1600";
				"TargetAttributes" = {
					"00000000000000000000003C" = {
						"CreatedOnToolsVersion" = "16.0";
						"ProvisioningStyle" = "Automatic";
					};
				};
			};
			"buildConfigurationList" = "000000000000000000000036";
			"compatibilityVersion" = "Xcode 14.0";
			"developmentRegion" = "zh-Hans";
			"hasScannedForEncodings" = 0;
			"knownRegions" = (
				"zh-Hans",
				"en",
				"Base",
			);
			"mainGroup" = "00000000000000000000002A";
			"productRefGroup" = "000000000000000000000029";
			"projectDirPath" = "";
			"projectRoot" = "";
			"targets" = (
				"00000000000000000000003C",
			);
		};
	};
	"rootObject" = "000000000000000000000001";
}
