// !$*UTF8*$!
{
	"archiveVersion" = 1;
	"classes" = {
	};
	"objectVersion" = 56;
	"objects" = {
		"000000000000000000000064" = {
			"isa" = "PBXFileReference";
			"lastKnownFileType" = "sourcecode.swift";
			"path" = "App.swift";
			"sourceTree" = "<group>";
		};
		"000000000000000000000065" = {
			"isa" = "PBXFileReference";
			"lastKnownFileType" = "sourcecode.swift";
			"path" = "TestController.swift";
			"sourceTree" = "<group>";
		};
		"000000000000000000000066" = {
			"isa" = "PBXFileReference";
			"lastKnownFileType" = "sourcecode.swift";
			"path" = "TestCanvas.swift";
			"sourceTree" = "<group>";
		};
		"000000000000000000000067" = {
			"isa" = "PBXFileReference";
			"lastKnownFileType" = "sourcecode.swift";
			"path" = "Interface.swift";
			"sourceTree" = "<group>";
		};
		"000000000000000000000068" = {
			"isa" = "PBXFileReference";
			"lastKnownFileType" = "sourcecode.swift";
			"path" = "Appearance.swift";
			"sourceTree" = "<group>";
		};
		"00000000000000000000000D" = {
			"isa" = "PBXFileReference";
			"lastKnownFileType" = "text.plist.xml";
			"path" = "Info.plist";
			"sourceTree" = "<group>";
		};
		"00000000000000000000000E" = {
			"isa" = "PBXFileReference";
			"lastKnownFileType" = "folder.assetcatalog";
			"path" = "Assets.xcassets";
			"sourceTree" = "<group>";
		};
		"00000000000000000000000F" = {
			"isa" = "PBXFileReference";
			"explicitFileType" = "wrapper.application";
			"includeInIndex" = 0;
			"path" = "ScreenTester.app";
			"sourceTree" = "BUILT_PRODUCTS_DIR";
		};
		"0000000000000000000000C8" = {
			"isa" = "PBXBuildFile";
			"fileRef" = "000000000000000000000064";
		};
		"0000000000000000000000C9" = {
			"isa" = "PBXBuildFile";
			"fileRef" = "000000000000000000000065";
		};
		"0000000000000000000000CA" = {
			"isa" = "PBXBuildFile";
			"fileRef" = "000000000000000000000066";
		};
		"0000000000000000000000CB" = {
			"isa" = "PBXBuildFile";
			"fileRef" = "000000000000000000000067";
		};
		"0000000000000000000000CC" = {
			"isa" = "PBXBuildFile";
			"fileRef" = "000000000000000000000068";
		};
		"000000000000000000000018" = {
			"isa" = "PBXBuildFile";
			"fileRef" = "00000000000000000000000E";
		};
		"00000000000000000000001E" = {
			"isa" = "PBXSourcesBuildPhase";
			"buildActionMask" = 2147483647;
			"files" = (
				"0000000000000000000000C8",
				"0000000000000000000000C9",
				"0000000000000000000000CA",
				"0000000000000000000000CB",
				"0000000000000000000000CC",
			);
			"runOnlyForDeploymentPostprocessing" = 0;
		};
		"00000000000000000000001F" = {
			"isa" = "PBXResourcesBuildPhase";
			"buildActionMask" = 2147483647;
			"files" = (
				"000000000000000000000018",
			);
			"runOnlyForDeploymentPostprocessing" = 0;
		};
		"000000000000000000000020" = {
			"isa" = "PBXFrameworksBuildPhase";
			"buildActionMask" = 2147483647;
			"files" = (
			);
			"runOnlyForDeploymentPostprocessing" = 0;
		};
		"000000000000000000000028" = {
			"isa" = "PBXGroup";
			"children" = (
				"000000000000000000000064",
				"000000000000000000000065",
				"000000000000000000000066",
				"000000000000000000000067",
				"000000000000000000000068",
				"00000000000000000000000D",
				"00000000000000000000000E",
			);
			"path" = "ScreenTester";
			"sourceTree" = "<group>";
		};
		"000000000000000000000029" = {
			"isa" = "PBXGroup";
			"children" = (
				"00000000000000000000000F",
				"00000000000000000000012D",
			);
			"name" = "Products";
			"sourceTree" = "<group>";
		};
		"00000000000000000000002A" = {
			"isa" = "PBXGroup";
			"children" = (
				"000000000000000000000028",
				"000000000000000000000029",
				"00000000000000000000012E",
			);
			"sourceTree" = "<group>";
		};
		"000000000000000000000032" = {
			"isa" = "XCBuildConfiguration";
			"name" = "Debug";
			"buildSettings" = {
				"CLANG_ENABLE_MODULES" = "YES";
				"CLANG_ENABLE_OBJC_ARC" = "YES";
				"SDKROOT" = "iphoneos";
				"IPHONEOS_DEPLOYMENT_TARGET" = "17.0";
				"SWIFT_VERSION" = "5.0";
				"SWIFT_OPTIMIZATION_LEVEL" = "-Onone";
				"DEBUG_INFORMATION_FORMAT" = "dwarf";
				"ENABLE_TESTABILITY" = "YES";
				"SWIFT_ACTIVE_COMPILATION_CONDITIONS" = "DEBUG";
			};
		};
		"000000000000000000000033" = {
			"isa" = "XCBuildConfiguration";
			"name" = "Release";
			"buildSettings" = {
				"CLANG_ENABLE_MODULES" = "YES";
				"CLANG_ENABLE_OBJC_ARC" = "YES";
				"SDKROOT" = "iphoneos";
				"IPHONEOS_DEPLOYMENT_TARGET" = "17.0";
				"SWIFT_VERSION" = "5.0";
				"SWIFT_OPTIMIZATION_LEVEL" = "-O";
				"DEBUG_INFORMATION_FORMAT" = "dwarf-with-dsym";
				"SWIFT_COMPILATION_MODE" = "wholemodule";
			};
		};
		"000000000000000000000034" = {
			"isa" = "XCBuildConfiguration";
			"name" = "Debug";
			"buildSettings" = {
				"PRODUCT_NAME" = "$(TARGET_NAME)";
				"PRODUCT_BUNDLE_IDENTIFIER" = "com.local.screentester";
				"INFOPLIST_FILE" = "ScreenTester/Info.plist";
				"GENERATE_INFOPLIST_FILE" = "NO";
				"CODE_SIGN_STYLE" = "Automatic";
				"TARGETED_DEVICE_FAMILY" = "1";
				"SUPPORTED_PLATFORMS" = "iphoneos iphonesimulator";
				"SUPPORTS_MACCATALYST" = "NO";
				"SUPPORTS_MAC_DESIGNED_FOR_IPHONE_IPAD" = "NO";
				"ASSETCATALOG_COMPILER_APPICON_NAME" = "AppIcon";
				"LD_RUNPATH_SEARCH_PATHS" = (
					"$(inherited)",
					"@executable_path/Frameworks",
				);
				"CURRENT_PROJECT_VERSION" = "4";
				"MARKETING_VERSION" = "0.3.0";
			};
		};
		"000000000000000000000035" = {
			"isa" = "XCBuildConfiguration";
			"name" = "Release";
			"buildSettings" = {
				"PRODUCT_NAME" = "$(TARGET_NAME)";
				"PRODUCT_BUNDLE_IDENTIFIER" = "com.local.screentester";
				"INFOPLIST_FILE" = "ScreenTester/Info.plist";
				"GENERATE_INFOPLIST_FILE" = "NO";
				"CODE_SIGN_STYLE" = "Automatic";
				"TARGETED_DEVICE_FAMILY" = "1";
				"SUPPORTED_PLATFORMS" = "iphoneos iphonesimulator";
				"SUPPORTS_MACCATALYST" = "NO";
				"SUPPORTS_MAC_DESIGNED_FOR_IPHONE_IPAD" = "NO";
				"ASSETCATALOG_COMPILER_APPICON_NAME" = "AppIcon";
				"LD_RUNPATH_SEARCH_PATHS" = (
					"$(inherited)",
					"@executable_path/Frameworks",
				);
				"CURRENT_PROJECT_VERSION" = "4";
				"MARKETING_VERSION" = "0.3.0";
			};
		};
		"000000000000000000000036" = {
			"isa" = "XCConfigurationList";
			"buildConfigurations" = (
				"000000000000000000000032",
				"000000000000000000000033",
			);
			"defaultConfigurationIsVisible" = 0;
			"defaultConfigurationName" = "Release";
		};
		"000000000000000000000037" = {
			"isa" = "XCConfigurationList";
			"buildConfigurations" = (
				"000000000000000000000034",
				"000000000000000000000035",
			);
			"defaultConfigurationIsVisible" = 0;
			"defaultConfigurationName" = "Release";
		};
		"00000000000000000000003C" = {
			"isa" = "PBXNativeTarget";
			"buildConfigurationList" = "000000000000000000000037";
			"buildPhases" = (
				"00000000000000000000001E",
				"000000000000000000000020",
				"00000000000000000000001F",
			);
			"buildRules" = (
			);
			"dependencies" = (
			);
			"name" = "ScreenTester";
			"productName" = "ScreenTester";
			"productReference" = "00000000000000000000000F";
			"productType" = "com.apple.product-type.application";
		};
		"000000000000000000000001" = {
			"isa" = "PBXProject";
			"attributes" = {
				"BuildIndependentTargetsInParallel" = "YES";
				"LastUpgradeCheck" = "1600";
				"TargetAttributes" = {
					"00000000000000000000003C" = {
						"CreatedOnToolsVersion" = "16.0";
						"ProvisioningStyle" = "Automatic";
					};
					"000000000000000000000136" = {
						"CreatedOnToolsVersion" = "16.0";
						"TestTargetID" = "00000000000000000000003C";
					};
				};
			};
			"buildConfigurationList" = "000000000000000000000036";
			"compatibilityVersion" = "Xcode 14.0";
			"developmentRegion" = "zh-Hans";
			"hasScannedForEncodings" = 0;
			"knownRegions" = (
				"zh-Hans",
				"en",
				"Base",
			);
			"mainGroup" = "00000000000000000000002A";
			"productRefGroup" = "000000000000000000000029";
			"projectDirPath" = "";
			"projectRoot" = "";
			"targets" = (
				"00000000000000000000003C",
				"000000000000000000000136",
			);
		};
		"00000000000000000000012C" = {
			"isa" = "PBXFileReference";
			"lastKnownFileType" = "sourcecode.swift";
			"path" = "InterfaceTests.swift";
			"sourceTree" = "<group>";
		};
		"00000000000000000000012D" = {
			"isa" = "PBXFileReference";
			"explicitFileType" = "wrapper.cfbundle";
			"includeInIndex" = 0;
			"path" = "ScreenTesterUITests.xctest";
			"sourceTree" = "BUILT_PRODUCTS_DIR";
		};
		"00000000000000000000012E" = {
			"isa" = "PBXGroup";
			"children" = (
				"00000000000000000000012C",
			);
			"path" = "UITests";
			"sourceTree" = "<group>";
		};
		"00000000000000000000012F" = {
			"isa" = "PBXBuildFile";
			"fileRef" = "00000000000000000000012C";
		};
		"000000000000000000000130" = {
			"isa" = "PBXSourcesBuildPhase";
			"buildActionMask" = 2147483647;
			"files" = (
				"00000000000000000000012F",
			);
			"runOnlyForDeploymentPostprocessing" = 0;
		};
		"000000000000000000000131" = {
			"isa" = "XCBuildConfiguration";
			"name" = "Debug";
			"buildSettings" = {
				"PRODUCT_NAME" = "$(TARGET_NAME)";
				"PRODUCT_BUNDLE_IDENTIFIER" = "com.local.screentester.UITests";
				"GENERATE_INFOPLIST_FILE" = "YES";
				"CODE_SIGN_STYLE" = "Automatic";
				"TARGETED_DEVICE_FAMILY" = "1";
				"SUPPORTED_PLATFORMS" = "iphoneos iphonesimulator";
				"TEST_TARGET_NAME" = "ScreenTester";
				"SWIFT_VERSION" = "5.0";
				"IPHONEOS_DEPLOYMENT_TARGET" = "17.0";
				"LD_RUNPATH_SEARCH_PATHS" = (
					"$(inherited)",
					"@executable_path/Frameworks",
					"@loader_path/Frameworks",
				);
			};
		};
		"000000000000000000000132" = {
			"isa" = "XCBuildConfiguration";
			"name" = "Release";
			"buildSettings" = {
				"PRODUCT_NAME" = "$(TARGET_NAME)";
				"PRODUCT_BUNDLE_IDENTIFIER" = "com.local.screentester.UITests";
				"GENERATE_INFOPLIST_FILE" = "YES";
				"CODE_SIGN_STYLE" = "Automatic";
				"TARGETED_DEVICE_FAMILY" = "1";
				"SUPPORTED_PLATFORMS" = "iphoneos iphonesimulator";
				"TEST_TARGET_NAME" = "ScreenTester";
				"SWIFT_VERSION" = "5.0";
				"IPHONEOS_DEPLOYMENT_TARGET" = "17.0";
				"LD_RUNPATH_SEARCH_PATHS" = (
					"$(inherited)",
					"@executable_path/Frameworks",
					"@loader_path/Frameworks",
				);
			};
		};
		"000000000000000000000133" = {
			"isa" = "XCConfigurationList";
			"buildConfigurations" = (
				"000000000000000000000131",
				"000000000000000000000132",
			);
			"defaultConfigurationIsVisible" = 0;
			"defaultConfigurationName" = "Debug";
		};
		"000000000000000000000134" = {
			"isa" = "PBXContainerItemProxy";
			"containerPortal" = "000000000000000000000001";
			"proxyType" = 1;
			"remoteGlobalIDString" = "00000000000000000000003C";
			"remoteInfo" = "ScreenTester";
		};
		"000000000000000000000135" = {
			"isa" = "PBXTargetDependency";
			"target" = "00000000000000000000003C";
			"targetProxy" = "000000000000000000000134";
		};
		"000000000000000000000136" = {
			"isa" = "PBXNativeTarget";
			"buildConfigurationList" = "000000000000000000000133";
			"buildPhases" = (
				"000000000000000000000130",
			);
			"buildRules" = (
			);
			"dependencies" = (
				"000000000000000000000135",
			);
			"name" = "ScreenTesterUITests";
			"productName" = "ScreenTesterUITests";
			"productReference" = "00000000000000000000012D";
			"productType" = "com.apple.product-type.bundle.ui-testing";
		};
	};
	"rootObject" = "000000000000000000000001";
}
